// !$*UTF8*$!
{
	archiveVersion = 1;
	classes = {
	};
	objectVersion = 56;
	objects = {

/* Begin PBXBuildFile section */
		846E81022B7798F2001A8871 /* Lottie in Frameworks */ = {isa = PBXBuildFile; productRef = 846E81012B7798F2001A8871 /* Lottie */; };
		846E81042B779916001A8871 /* LottieAnimation.swift in Sources */ = {isa = PBXBuildFile; fileRef = 846E81032B779916001A8871 /* LottieAnimation.swift */; };
		846E81082B779A40001A8871 /* Netflix.swift in Sources */ = {isa = PBXBuildFile; fileRef = 846E81072B779A40001A8871 /* Netflix.swift */; };
		846E810A2B779B7D001A8871 /* netflix.lottie in Resources */ = {isa = PBXBuildFile; fileRef = 846E81092B779B7D001A8871 /* netflix.lottie */; };
		84767EDA2B776D24003FE322 /* Splash_ScreensApp.swift in Sources */ = {isa = PBXBuildFile; fileRef = 84767ED92B776D24003FE322 /* Splash_ScreensApp.swift */; };
		84767EDC2B776D24003FE322 /* ContentView.swift in Sources */ = {isa = PBXBuildFile; fileRef = 84767EDB2B776D24003FE322 /* ContentView.swift */; };
		84767EDE2B776D27003FE322 /* Assets.xcassets in Resources */ = {isa = PBXBuildFile; fileRef = 84767EDD2B776D27003FE322 /* Assets.xcassets */; };
		84767EE12B776D27003FE322 /* Preview Assets.xcassets in Resources */ = {isa = PBXBuildFile; fileRef = 84767EE02B776D27003FE322 /* Preview Assets.xcassets */; };
		84767EEA2B7771A2003FE322 /* HotstarSplash.swift in Sources */ = {isa = PBXBuildFile; fileRef = 84767EE92B7771A2003FE322 /* HotstarSplash.swift */; };
		84767EF02B7792C0003FE322 /* HotstarSplash_iPHone.swift in Sources */ = {isa = PBXBuildFile; fileRef = 84767EEF2B7792C0003FE322 /* HotstarSplash_iPHone.swift */; };
/* End PBXBuildFile section */

/* Begin PBXFileReference section */
		846E81032B779916001A8871 /* LottieAnimation.swift */ = {isa = PBXFileReference; lastKnownFileType = sourcecode.swift; path = LottieAnimation.swift; sourceTree = "<group>"; };
		846E81072B779A40001A8871 /* Netflix.swift */ = {isa = PBXFileReference; lastKnownFileType = sourcecode.swift; path = Netflix.swift; sourceTree = "<group>"; };
		846E81092B779B7D001A8871 /* netflix.lottie */ = {isa = PBXFileReference; lastKnownFileType = file; name = netflix.lottie; path = ../../../Downloads/netflix.lottie; sourceTree = "<group>"; };
		84767ED62B776D24003FE322 /* Splash Screens.app */ = {isa = PBXFileReference; explicitFileType = wrapper.application; includeInIndex = 0; path = "Splash Screens.app"; sourceTree = BUILT_PRODUCTS_DIR; };
		84767ED92B776D24003FE322 /* Splash_ScreensApp.swift */ = {isa = PBXFileReference; lastKnownFileType = sourcecode.swift; path = Splash_ScreensApp.swift; sourceTree = "<group>"; };
		84767EDB2B776D24003FE322 /* ContentView.swift */ = {isa = PBXFileReference; lastKnownFileType = sourcecode.swift; path = ContentView.swift; sourceTree = "<group>"; };
		84767EDD2B776D27003FE322 /* Assets.xcassets */ = {isa = PBXFileReference; lastKnownFileType = folder.assetcatalog; path = Assets.xcassets; sourceTree = "<group>"; };
		84767EE02B776D27003FE322 /* Preview Assets.xcassets */ = {isa = PBXFileReference; lastKnownFileType = folder.assetcatalog; path = "Preview Assets.xcassets"; sourceTree = "<group>"; };
		84767EE22B776D27003FE322 /* Splash_Screens.entitlements */ = {isa = PBXFileReference; lastKnownFileType = text.plist.entitlements; path = Splash_Screens.entitlements; sourceTree = "<group>"; };
		84767EE92B7771A2003FE322 /* HotstarSplash.swift */ = {isa = PBXFileReference; lastKnownFileType = sourcecode.swift; path = HotstarSplash.swift; sourceTree = "<group>"; };
		84767EEF2B7792C0003FE322 /* HotstarSplash_iPHone.swift */ = {isa = PBXFileReference; lastKnownFileType = sourcecode.swift; path = HotstarSplash_iPHone.swift; sourceTree = "<group>"; };
/* End PBXFileReference section */

/* Begin PBXFrameworksBuildPhase section */
		84767ED32B776D24003FE322 /* Frameworks */ = {
			isa = PBXFrameworksBuildPhase;
			buildActionMask = 2147483647;
			files = (
				846E81022B7798F2001A8871 /* Lottie in Frameworks */,
			);
			runOnlyForDeploymentPostprocessing = 0;
		};
/* End PBXFrameworksBuildPhase section */

/* Begin PBXGroup section */
		846E81062B779A31001A8871 /* Netflix */ = {
			isa = PBXGroup;
			children = (
				846E81072B779A40001A8871 /* Netflix.swift */,
			);
			path = Netflix;
			sourceTree = "<group>";
		};
		84767ECD2B776D23003FE322 = {
			isa = PBXGroup;
			children = (
				84767ED82B776D24003FE322 /* Splash Screens */,
				84767ED72B776D24003FE322 /* Products */,
			);
			sourceTree = "<group>";
		};
		84767ED72B776D24003FE322 /* Products */ = {
			isa = PBXGroup;
			children = (
				84767ED62B776D24003FE322 /* Splash Screens.app */,
			);
			name = Products;
			sourceTree = "<group>";
		};
		84767ED82B776D24003FE322 /* Splash Screens */ = {
			isa = PBXGroup;
			children = (
				846E81062B779A31001A8871 /* Netflix */,
				84767EE82B77717F003FE322 /* Disney */,
				84767ED92B776D24003FE322 /* Splash_ScreensApp.swift */,
				846E81092B779B7D001A8871 /* netflix.lottie */,
				84767EDB2B776D24003FE322 /* ContentView.swift */,
				84767EDD2B776D27003FE322 /* Assets.xcassets */,
				84767EE22B776D27003FE322 /* Splash_Screens.entitlements */,
				84767EDF2B776D27003FE322 /* Preview Content */,
				846E81032B779916001A8871 /* LottieAnimation.swift */,
			);
			path = "Splash Screens";
			sourceTree = "<group>";
		};
		84767EDF2B776D27003FE322 /* Preview Content */ = {
			isa = PBXGroup;
			children = (
				84767EE02B776D27003FE322 /* Preview Assets.xcassets */,
			);
			path = "Preview Content";
			sourceTree = "<group>";
		};
		84767EE82B77717F003FE322 /* Disney */ = {
			isa = PBXGroup;
			children = (
				84767EE92B7771A2003FE322 /* HotstarSplash.swift */,
				84767EEF2B7792C0003FE322 /* HotstarSplash_iPHone.swift */,
			);
			path = Disney;
			sourceTree = "<group>";
		};
/* End PBXGroup section */

/* Begin PBXNativeTarget section */
		84767ED52B776D24003FE322 /* Splash Screens */ = {
			isa = PBXNativeTarget;
			buildConfigurationList = 84767EE52B776D27003FE322 /* Build configuration list for PBXNativeTarget "Splash Screens" */;
			buildPhases = (
				84767ED22B776D24003FE322 /* Sources */,
				84767ED32B776D24003FE322 /* Frameworks */,
				84767ED42B776D24003FE322 /* Resources */,
			);
			buildRules = (
			);
			dependencies = (
			);
			name = "Splash Screens";
			packageProductDependencies = (
				846E81012B7798F2001A8871 /* Lottie */,
			);
			productName = "Splash Screens";
			productReference = 84767ED62B776D24003FE322 /* Splash Screens.app */;
			productType = "com.apple.product-type.application";
		};
/* End PBXNativeTarget section */

/* Begin PBXProject section */
		84767ECE2B776D23003FE322 /* Project object */ = {
			isa = PBXProject;
			attributes = {
				BuildIndependentTargetsInParallel = 1;
				LastSwiftUpdateCheck = 1420;
				LastUpgradeCheck = 1420;
				TargetAttributes = {
					84767ED52B776D24003FE322 = {
						CreatedOnToolsVersion = 14.2;
					};
				};
			};
			buildConfigurationList = 84767ED12B776D23003FE322 /* Build configuration list for PBXProject "Splash Screens" */;
			compatibilityVersion = "Xcode 14.0";
			developmentRegion = en;
			hasScannedForEncodings = 0;
			knownRegions = (
				en,
				Base,
			);
			mainGroup = 84767ECD2B776D23003FE322;
			packageReferences = (
				846E81002B7798F2001A8871 /* XCRemoteSwiftPackageReference "lottie-ios" */,
			);
			productRefGroup = 84767ED72B776D24003FE322 /* Products */;
			projectDirPath = "";
			projectRoot = "";
			targets = (
				84767ED52B776D24003FE322 /* Splash Screens */,
			);
		};
/* End PBXProject section */

/* Begin PBXResourcesBuildPhase section */
		84767ED42B776D24003FE322 /* Resources */ = {
			isa = PBXResourcesBuildPhase;
			buildActionMask = 2147483647;
			files = (
				84767EE12B776D27003FE322 /* Preview Assets.xcassets in Resources */,
				846E810A2B779B7D001A8871 /* netflix.lottie in Resources */,
				84767EDE2B776D27003FE322 /* Assets.xcassets in Resources */,
			);
			runOnlyForDeploymentPostprocessing = 0;
		};
/* End PBXResourcesBuildPhase section */

/* Begin PBXSourcesBuildPhase section */
		84767ED22B776D24003FE322 /* Sources */ = {
			isa = PBXSourcesBuildPhase;
			buildActionMask = 2147483647;
			files = (
				84767EEA2B7771A2003FE322 /* HotstarSplash.swift in Sources */,
				84767EDC2B776D24003FE322 /* ContentView.swift in Sources */,
				84767EDA2B776D24003FE322 /* Splash_ScreensApp.swift in Sources */,
				84767EF02B7792C0003FE322 /* HotstarSplash_iPHone.swift in Sources */,
				846E81082B779A40001A8871 /* Netflix.swift in Sources */,
				846E81042B779916001A8871 /* LottieAnimation.swift in Sources */,
			);
			runOnlyForDeploymentPostprocessing = 0;
		};
/* End PBXSourcesBuildPhase section */

/* Begin XCBuildConfiguration section */
		84767EE32B776D27003FE322 /* Debug */ = {
			isa = XCBuildConfiguration;
			buildSettings = {
				ALWAYS_SEARCH_USER_PATHS = NO;
				CLANG_ANALYZER_NONNULL = YES;
				CLANG_ANALYZER_NUMBER_OBJECT_CONVERSION = YES_AGGRESSIVE;
				CLANG_CXX_LANGUAGE_STANDARD = "gnu++20";
				CLANG_ENABLE_MODULES = YES;
				CLANG_ENABLE_OBJC_ARC = YES;
				CLANG_ENABLE_OBJC_WEAK = YES;
				CLANG_WARN_BLOCK_CAPTURE_AUTORELEASING = YES;
				CLANG_WARN_BOOL_CONVERSION = YES;
				CLANG_WARN_COMMA = YES;
				CLANG_WARN_CONSTANT_CONVERSION = YES;
				CLANG_WARN_DEPRECATED_OBJC_IMPLEMENTATIONS = YES;
				CLANG_WARN_DIRECT_OBJC_ISA_USAGE = YES_ERROR;
				CLANG_WARN_DOCUMENTATION_COMMENTS = YES;
				CLANG_WARN_EMPTY_BODY = YES;
				CLANG_WARN_ENUM_CONVERSION = YES;
				CLANG_WARN_INFINITE_RECURSION = YES;
				CLANG_WARN_INT_CONVERSION = YES;
				CLANG_WARN_NON_LITERAL_NULL_CONVERSION = YES;
				CLANG_WARN_OBJC_IMPLICIT_RETAIN_SELF = YES;
				CLANG_WARN_OBJC_LITERAL_CONVERSION = YES;
				CLANG_WARN_OBJC_ROOT_CLASS = YES_ERROR;
				CLANG_WARN_QUOTED_INCLUDE_IN_FRAMEWORK_HEADER = YES;
				CLANG_WARN_RANGE_LOOP_ANALYSIS = YES;
				CLANG_WARN_STRICT_PROTOTYPES = YES;
				CLANG_WARN_SUSPICIOUS_MOVE = YES;
				CLANG_WARN_UNGUARDED_AVAILABILITY = YES_AGGRESSIVE;
				CLANG_WARN_UNREACHABLE_CODE = YES;
				CLANG_WARN__DUPLICATE_METHOD_MATCH = YES;
				COPY_PHASE_STRIP = NO;
				DEBUG_INFORMATION_FORMAT = dwarf;
				ENABLE_STRICT_OBJC_MSGSEND = YES;
				ENABLE_TESTABILITY = YES;
				GCC_C_LANGUAGE_STANDARD = gnu11;
				GCC_DYNAMIC_NO_PIC = NO;
				GCC_NO_COMMON_BLOCKS = YES;
				GCC_OPTIMIZATION_LEVEL = 0;
				GCC_PREPROCESSOR_DEFINITIONS = (
					"DEBUG=1",
					"$(inherited)",
				);
				GCC_WARN_64_TO_32_BIT_CONVERSION = YES;
				GCC_WARN_ABOUT_RETURN_TYPE = YES_ERROR;
				GCC_WARN_UNDECLARED_SELECTOR = YES;
				GCC_WARN_UNINITIALIZED_AUTOS = YES_AGGRESSIVE;
				GCC_WARN_UNUSED_FUNCTION = YES;
				GCC_WARN_UNUSED_VARIABLE = YES;
				MACOSX_DEPLOYMENT_TARGET = 12.7;
				MTL_ENABLE_DEBUG_INFO = INCLUDE_SOURCE;
				MTL_FAST_MATH = YES;
				ONLY_ACTIVE_ARCH = YES;
				SDKROOT = macosx;
				SWIFT_ACTIVE_COMPILATION_CONDITIONS = DEBUG;
				SWIFT_OPTIMIZATION_LEVEL = "-Onone";
			};
			name = Debug;
		};
		84767EE42B776D27003FE322 /* Release */ = {
			isa = XCBuildConfiguration;
			buildSettings = {
				ALWAYS_SEARCH_USER_PATHS = NO;
				CLANG_ANALYZER_NONNULL = YES;
				CLANG_ANALYZER_NUMBER_OBJECT_CONVERSION = YES_AGGRESSIVE;
				CLANG_CXX_LANGUAGE_STANDARD = "gnu++20";
				CLANG_ENABLE_MODULES = YES;
				CLANG_ENABLE_OBJC_ARC = YES;
				CLANG_ENABLE_OBJC_WEAK = YES;
				CLANG_WARN_BLOCK_CAPTURE_AUTORELEASING = YES;
				CLANG_WARN_BOOL_CONVERSION = YES;
				CLANG_WARN_COMMA = YES;
				CLANG_WARN_CONSTANT_CONVERSION = YES;
				CLANG_WARN_DEPRECATED_OBJC_IMPLEMENTATIONS = YES;
				CLANG_WARN_DIRECT_OBJC_ISA_USAGE = YES_ERROR;
				CLANG_WARN_DOCUMENTATION_COMMENTS = YES;
				CLANG_WARN_EMPTY_BODY = YES;
				CLANG_WARN_ENUM_CONVERSION = YES;
				CLANG_WARN_INFINITE_RECURSION = YES;
				CLANG_WARN_INT_CONVERSION = YES;
				CLANG_WARN_NON_LITERAL_NULL_CONVERSION = YES;
				CLANG_WARN_OBJC_IMPLICIT_RETAIN_SELF = YES;
				CLANG_WARN_OBJC_LITERAL_CONVERSION = YES;
				CLANG_WARN_OBJC_ROOT_CLASS = YES_ERROR;
				CLANG_WARN_QUOTED_INCLUDE_IN_FRAMEWORK_HEADER = YES;
				CLANG_WARN_RANGE_LOOP_ANALYSIS = YES;
				CLANG_WARN_STRICT_PROTOTYPES = YES;
				CLANG_WARN_SUSPICIOUS_MOVE = YES;
				CLANG_WARN_UNGUARDED_AVAILABILITY = YES_AGGRESSIVE;
				CLANG_WARN_UNREACHABLE_CODE = YES;
				CLANG_WARN__DUPLICATE_METHOD_MATCH = YES;
				COPY_PHASE_STRIP = NO;
				DEBUG_INFORMATION_FORMAT = "dwarf-with-dsym";
				ENABLE_NS_ASSERTIONS = NO;
				ENABLE_STRICT_OBJC_MSGSEND = YES;
				GCC_C_LANGUAGE_STANDARD = gnu11;
				GCC_NO_COMMON_BLOCKS = YES;
				GCC_WARN_64_TO_32_BIT_CONVERSION = YES;
				GCC_WARN_ABOUT_RETURN_TYPE = YES_ERROR;
				GCC_WARN_UNDECLARED_SELECTOR = YES;
				GCC_WARN_UNINITIALIZED_AUTOS = YES_AGGRESSIVE;
				GCC_WARN_UNUSED_FUNCTION = YES;
				GCC_WARN_UNUSED_VARIABLE = YES;
				MACOSX_DEPLOYMENT_TARGET = 12.7;
				MTL_ENABLE_DEBUG_INFO = NO;
				MTL_FAST_MATH = YES;
				SDKROOT = macosx;
				SWIFT_COMPILATION_MODE = wholemodule;
				SWIFT_OPTIMIZATION_LEVEL = "-O";
			};
			name = Release;
		};
		84767EE62B776D27003FE322 /* Debug */ = {
			isa = XCBuildConfiguration;
			buildSettings = {
				ASSETCATALOG_COMPILER_APPICON_NAME = AppIcon;
				ASSETCATALOG_COMPILER_GLOBAL_ACCENT_COLOR_NAME = AccentColor;
				CODE_SIGN_ENTITLEMENTS = "Splash Screens/Splash_Screens.entitlements";
				CODE_SIGN_STYLE = Automatic;
				COMBINE_HIDPI_IMAGES = YES;
				CURRENT_PROJECT_VERSION = 1;
				DEVELOPMENT_ASSET_PATHS = "\"Splash Screens/Preview Content\"";
				DEVELOPMENT_TEAM = X9QZ4KQXLR;
				ENABLE_HARDENED_RUNTIME = YES;
				ENABLE_PREVIEWS = YES;
				GENERATE_INFOPLIST_FILE = YES;
				INFOPLIST_KEY_NSHumanReadableCopyright = "";
				LD_RUNPATH_SEARCH_PATHS = (
					"$(inherited)",
					"@executable_path/../Frameworks",
				);
				MARKETING_VERSION = 1.0;
				PRODUCT_BUNDLE_IDENTIFIER = "splash.Splash-Screens";
				PRODUCT_NAME = "$(TARGET_NAME)";
				SUPPORTED_PLATFORMS = "iphoneos iphonesimulator macosx";
				SUPPORTS_MACCATALYST = NO;
				SUPPORTS_MAC_DESIGNED_FOR_IPHONE_IPAD = NO;
				SWIFT_EMIT_LOC_STRINGS = YES;
				SWIFT_VERSION = 5.0;
				TARGETED_DEVICE_FAMILY = "1,2";
			};
			name = Debug;
		};
		84767EE72B776D27003FE322 /* Release */ = {
			isa = XCBuildConfiguration;
			buildSettings = {
				ASSETCATALOG_COMPILER_APPICON_NAME = AppIcon;
				ASSETCATALOG_COMPILER_GLOBAL_ACCENT_COLOR_NAME = AccentColor;
				CODE_SIGN_ENTITLEMENTS = "Splash Screens/Splash_Screens.entitlements";
				CODE_SIGN_STYLE = Automatic;
				COMBINE_HIDPI_IMAGES = YES;
				CURRENT_PROJECT_VERSION = 1;
				DEVELOPMENT_ASSET_PATHS = "\"Splash Screens/Preview Content\"";
				DEVELOPMENT_TEAM = X9QZ4KQXLR;
				ENABLE_HARDENED_RUNTIME = YES;
				ENABLE_PREVIEWS = YES;
				GENERATE_INFOPLIST_FILE = YES;
				INFOPLIST_KEY_NSHumanReadableCopyright = "";
				LD_RUNPATH_SEARCH_PATHS = (
					"$(inherited)",
					"@executable_path/../Frameworks",
				);
				MARKETING_VERSION = 1.0;
				PRODUCT_BUNDLE_IDENTIFIER = "splash.Splash-Screens";
				PRODUCT_NAME = "$(TARGET_NAME)";
				SUPPORTED_PLATFORMS = "iphoneos iphonesimulator macosx";
				SUPPORTS_MACCATALYST = NO;
				SUPPORTS_MAC_DESIGNED_FOR_IPHONE_IPAD = NO;
				SWIFT_EMIT_LOC_STRINGS = YES;
				SWIFT_VERSION = 5.0;
				TARGETED_DEVICE_FAMILY = "1,2";
			};
			name = Release;
		};
/* End XCBuildConfiguration section */

/* Begin XCConfigurationList section */
		84767ED12B776D23003FE322 /* Build configuration list for PBXProject "Splash Screens" */ = {
			isa = XCConfigurationList;
			buildConfigurations = (
				84767EE32B776D27003FE322 /* Debug */,
				84767EE42B776D27003FE322 /* Release */,
			);
			defaultConfigurationIsVisible = 0;
			defaultConfigurationName = Release;
		};
		84767EE52B776D27003FE322 /* Build configuration list for PBXNativeTarget "Splash Screens" */ = {
			isa = XCConfigurationList;
			buildConfigurations = (
				84767EE62B776D27003FE322 /* Debug */,
				84767EE72B776D27003FE322 /* Release */,
			);
			defaultConfigurationIsVisible = 0;
			defaultConfigurationName = Release;
		};
/* End XCConfigurationList section */

/* Begin XCRemoteSwiftPackageReference section */
		846E81002B7798F2001A8871 /* XCRemoteSwiftPackageReference "lottie-ios" */ = {
			isa = XCRemoteSwiftPackageReference;
			repositoryURL = "https://github.com/airbnb/lottie-ios";
			requirement = {
				branch = master;
				kind = branch;
			};
		};
/* End XCRemoteSwiftPackageReference section */

/* Begin XCSwiftPackageProductDependency section */
		846E81012B7798F2001A8871 /* Lottie */ = {
			isa = XCSwiftPackageProductDependency;
			package = 846E81002B7798F2001A8871 /* XCRemoteSwiftPackageReference "lottie-ios" */;
			productName = Lottie;
		};
/* End XCSwiftPackageProductDependency section */
	};
	rootObject = 84767ECE2B776D23003FE322 /* Project object */;
}
